
Microsoft Visual Studio Solution File, Format Version 12.00
# Visual Studio 2012
Project("{FAE04EC0-301F-11D3-BF4B-00C04F79EFBC}") = "FluentAutomationTest", "FluentAutomationTest\FluentAutomationTest.csproj", "{B26AC1B4-6572-422B-96B1-0B116E8AB720}"
EndProject
Global
	GlobalSection(SolutionConfigurationPlatforms) = preSolution
		Debug|Any CPU = Debug|Any CPU
		Release|Any CPU = Release|Any CPU
	EndGlobalSection
	GlobalSection(ProjectConfigurationPlatforms) = postSolution
		{B26AC1B4-6572-422B-96B1-0B116E8AB720}.Debug|Any CPU.ActiveCfg = Debug|Any CPU
		{B26AC1B4-6572-422B-96B1-0B116E8AB720}.Debug|Any CPU.Build.0 = Debug|Any CPU
		{B26AC1B4-6572-422B-96B1-0B116E8AB720}.Release|Any CPU.ActiveCfg = Release|Any CPU
		{B26AC1B4-6572-422B-96B1-0B116E8AB720}.Release|Any CPU.Build.0 = Release|Any CPU
	EndGlobalSection
	GlobalSection(SolutionProperties) = preSolution
		HideSolutionNode = FALSE
	EndGlobalSection
EndGlobal
